
Microsoft Visual Studio Solution File, Format Version 12.00
# Visual Studio 14
VisualStudioVersion = 14.0.25420.1
MinimumVisualStudioVersion = 10.0.40219.1
Project("{9092AA53-FB77-4645-B42D-1CCCA6BD08BD}") = "qiniu-server", "qiniu-server.njsproj", "{52BCB807-4FF7-4060-AF6C-5AB4E73D32C2}"
EndProject
Global
	GlobalSection(SolutionConfigurationPlatforms) = preSolution
		Debug|Any CPU = Debug|Any CPU
		Release|Any CPU = Release|Any CPU
	EndGlobalSection
	GlobalSection(ProjectConfigurationPlatforms) = postSolution
		{52BCB807-4FF7-4060-AF6C-5AB4E73D32C2}.Debug|Any CPU.ActiveCfg = Debug|Any CPU
		{52BCB807-4FF7-4060-AF6C-5AB4E73D32C2}.Debug|Any CPU.Build.0 = Debug|Any CPU
		{52BCB807-4FF7-4060-AF6C-5AB4E73D32C2}.Release|Any CPU.ActiveCfg = Release|Any CPU
		{52BCB807-4FF7-4060-AF6C-5AB4E73D32C2}.Release|Any CPU.Build.0 = Release|Any CPU
	EndGlobalSection
	GlobalSection(SolutionProperties) = preSolution
		HideSolutionNode = FALSE
	EndGlobalSection
EndGlobal
